
Microsoft Visual Studio Solution File, Format Version 12.00
# Visual Studio Version 17
VisualStudioVersion = 17.9.34616.47
MinimumVisualStudioVersion = 10.0.40219.1
Project("{FAE04EC0-301F-11D3-BF4B-00C04F79EFBC}") = "DBFirst_lehabinh", "DBFirst_lehabinh\DBFirst_lehabinh.csproj", "{4A34C356-B053-4C45-BCFD-7F89880188F9}"
EndProject
Global
	GlobalSection(SolutionConfigurationPlatforms) = preSolution
		Debug|Any CPU = Debug|Any CPU
		Release|Any CPU = Release|Any CPU
	EndGlobalSection
	GlobalSection(ProjectConfigurationPlatforms) = postSolution
		{4A34C356-B053-4C45-BCFD-7F89880188F9}.Debug|Any CPU.ActiveCfg = Debug|Any CPU
		{4A34C356-B053-4C45-BCFD-7F89880188F9}.Debug|Any CPU.Build.0 = Debug|Any CPU
		{4A34C356-B053-4C45-BCFD-7F89880188F9}.Release|Any CPU.ActiveCfg = Release|Any CPU
		{4A34C356-B053-4C45-BCFD-7F89880188F9}.Release|Any CPU.Build.0 = Release|Any CPU
	EndGlobalSection
	GlobalSection(SolutionProperties) = preSolution
		HideSolutionNode = FALSE
	EndGlobalSection
	GlobalSection(ExtensibilityGlobals) = postSolution
		SolutionGuid = {651AC150-871D-439C-9603-68076E6C2E6F}
	EndGlobalSection
EndGlobal
